// !$*UTF8*$!
{
	archiveVersion = 1;
	classes = {
	};
	objectVersion = 46;
	objects = {

/* Begin PBXBuildFile section */
		441488891A8DED54002A7BF0 /* main.m in Sources */ = {isa = PBXBuildFile; fileRef = 441488881A8DED54002A7BF0 /* main.m */; };
		4414888C1A8DED54002A7BF0 /* AppDelegate.m in Sources */ = {isa = PBXBuildFile; fileRef = 4414888B1A8DED54002A7BF0 /* AppDelegate.m */; };
		4414888F1A8DED54002A7BF0 /* ViewController.m in Sources */ = {isa = PBXBuildFile; fileRef = 4414888E1A8DED54002A7BF0 /* ViewController.m */; };
		441488921A8DED54002A7BF0 /* Main.storyboard in Resources */ = {isa = PBXBuildFile; fileRef = 441488901A8DED54002A7BF0 /* Main.storyboard */; };
		441488941A8DED54002A7BF0 /* Images.xcassets in Resources */ = {isa = PBXBuildFile; fileRef = 441488931A8DED54002A7BF0 /* Images.xcassets */; };
		441488971A8DED54002A7BF0 /* LaunchScreen.xib in Resources */ = {isa = PBXBuildFile; fileRef = 441488951A8DED54002A7BF0 /* LaunchScreen.xib */; };
		441488A31A8DED54002A7BF0 /* PongTestTests.m in Sources */ = {isa = PBXBuildFile; fileRef = 441488A21A8DED54002A7BF0 /* PongTestTests.m */; };
		441488AE1A8E034F002A7BF0 /* Game.m in Sources */ = {isa = PBXBuildFile; fileRef = 441488AD1A8E034F002A7BF0 /* Game.m */; };
		44149F2C1A8EBC05000B4A4D /* bounce.mp3 in Resources */ = {isa = PBXBuildFile; fileRef = 44149F2B1A8EBC05000B4A4D /* bounce.mp3 */; };
/* End PBXBuildFile section */

/* Begin PBXContainerItemProxy section */
		4414889D1A8DED54002A7BF0 /* PBXContainerItemProxy */ = {
			isa = PBXContainerItemProxy;
			containerPortal = 4414887B1A8DED54002A7BF0 /* Project object */;
			proxyType = 1;
			remoteGlobalIDString = 441488821A8DED54002A7BF0;
			remoteInfo = PongTest;
		};
/* End PBXContainerItemProxy section */

/* Begin PBXFileReference section */
		441488831A8DED54002A7BF0 /* PongTest.app */ = {isa = PBXFileReference; explicitFileType = wrapper.application; includeInIndex = 0; path = PongTest.app; sourceTree = BUILT_PRODUCTS_DIR; };
		441488871A8DED54002A7BF0 /* Info.plist */ = {isa = PBXFileReference; lastKnownFileType = text.plist.xml; path = Info.plist; sourceTree = "<group>"; };
		441488881A8DED54002A7BF0 /* main.m */ = {isa = PBXFileReference; lastKnownFileType = sourcecode.c.objc; path = main.m; sourceTree = "<group>"; };
		4414888A1A8DED54002A7BF0 /* AppDelegate.h */ = {isa = PBXFileReference; lastKnownFileType = sourcecode.c.h; path = AppDelegate.h; sourceTree = "<group>"; };
		4414888B1A8DED54002A7BF0 /* AppDelegate.m */ = {isa = PBXFileReference; lastKnownFileType = sourcecode.c.objc; path = AppDelegate.m; sourceTree = "<group>"; };
		4414888D1A8DED54002A7BF0 /* ViewController.h */ = {isa = PBXFileReference; lastKnownFileType = sourcecode.c.h; path = ViewController.h; sourceTree = "<group>"; };
		4414888E1A8DED54002A7BF0 /* ViewController.m */ = {isa = PBXFileReference; lastKnownFileType = sourcecode.c.objc; path = ViewController.m; sourceTree = "<group>"; };
		441488911A8DED54002A7BF0 /* Base */ = {isa = PBXFileReference; lastKnownFileType = file.storyboard; name = Base; path = Base.lproj/Main.storyboard; sourceTree = "<group>"; };
		441488931A8DED54002A7BF0 /* Images.xcassets */ = {isa = PBXFileReference; lastKnownFileType = folder.assetcatalog; path = Images.xcassets; sourceTree = "<group>"; };
		441488961A8DED54002A7BF0 /* Base */ = {isa = PBXFileReference; lastKnownFileType = file.xib; name = Base; path = Base.lproj/LaunchScreen.xib; sourceTree = "<group>"; };
		4414889C1A8DED54002A7BF0 /* PongTestTests.xctest */ = {isa = PBXFileReference; explicitFileType = wrapper.cfbundle; includeInIndex = 0; path = PongTestTests.xctest; sourceTree = BUILT_PRODUCTS_DIR; };
		441488A11A8DED54002A7BF0 /* Info.plist */ = {isa = PBXFileReference; lastKnownFileType = text.plist.xml; path = Info.plist; sourceTree = "<group>"; };
		441488A21A8DED54002A7BF0 /* PongTestTests.m */ = {isa = PBXFileReference; lastKnownFileType = sourcecode.c.objc; path = PongTestTests.m; sourceTree = "<group>"; };
		441488AC1A8E034F002A7BF0 /* Game.h */ = {isa = PBXFileReference; fileEncoding = 4; lastKnownFileType = sourcecode.c.h; path = Game.h; sourceTree = "<group>"; };
		441488AD1A8E034F002A7BF0 /* Game.m */ = {isa = PBXFileReference; fileEncoding = 4; lastKnownFileType = sourcecode.c.objc; path = Game.m; sourceTree = "<group>"; };
		44149F2B1A8EBC05000B4A4D /* bounce.mp3 */ = {isa = PBXFileReference; lastKnownFileType = audio.mp3; path = bounce.mp3; sourceTree = "<group>"; };
/* End PBXFileReference section */

/* Begin PBXFrameworksBuildPhase section */
		441488801A8DED54002A7BF0 /* Frameworks */ = {
			isa = PBXFrameworksBuildPhase;
			buildActionMask = 2147483647;
			files = (
			);
			runOnlyForDeploymentPostprocessing = 0;
		};
		441488991A8DED54002A7BF0 /* Frameworks */ = {
			isa = PBXFrameworksBuildPhase;
			buildActionMask = 2147483647;
			files = (
			);
			runOnlyForDeploymentPostprocessing = 0;
		};
/* End PBXFrameworksBuildPhase section */

/* Begin PBXGroup section */
		4414887A1A8DED54002A7BF0 = {
			isa = PBXGroup;
			children = (
				441488851A8DED54002A7BF0 /* PongTest */,
				4414889F1A8DED54002A7BF0 /* PongTestTests */,
				441488841A8DED54002A7BF0 /* Products */,
			);
			sourceTree = "<group>";
		};
		441488841A8DED54002A7BF0 /* Products */ = {
			isa = PBXGroup;
			children = (
				441488831A8DED54002A7BF0 /* PongTest.app */,
				4414889C1A8DED54002A7BF0 /* PongTestTests.xctest */,
			);
			name = Products;
			sourceTree = "<group>";
		};
		441488851A8DED54002A7BF0 /* PongTest */ = {
			isa = PBXGroup;
			children = (
				4414888A1A8DED54002A7BF0 /* AppDelegate.h */,
				4414888B1A8DED54002A7BF0 /* AppDelegate.m */,
				4414888D1A8DED54002A7BF0 /* ViewController.h */,
				4414888E1A8DED54002A7BF0 /* ViewController.m */,
				441488901A8DED54002A7BF0 /* Main.storyboard */,
				441488AC1A8E034F002A7BF0 /* Game.h */,
				441488AD1A8E034F002A7BF0 /* Game.m */,
				44149F2B1A8EBC05000B4A4D /* bounce.mp3 */,
				441488931A8DED54002A7BF0 /* Images.xcassets */,
				441488951A8DED54002A7BF0 /* LaunchScreen.xib */,
				441488861A8DED54002A7BF0 /* Supporting Files */,
			);
			path = PongTest;
			sourceTree = "<group>";
		};
		441488861A8DED54002A7BF0 /* Supporting Files */ = {
			isa = PBXGroup;
			children = (
				441488871A8DED54002A7BF0 /* Info.plist */,
				441488881A8DED54002A7BF0 /* main.m */,
			);
			name = "Supporting Files";
			sourceTree = "<group>";
		};
		4414889F1A8DED54002A7BF0 /* PongTestTests */ = {
			isa = PBXGroup;
			children = (
				441488A21A8DED54002A7BF0 /* PongTestTests.m */,
				441488A01A8DED54002A7BF0 /* Supporting Files */,
			);
			path = PongTestTests;
			sourceTree = "<group>";
		};
		441488A01A8DED54002A7BF0 /* Supporting Files */ = {
			isa = PBXGroup;
			children = (
				441488A11A8DED54002A7BF0 /* Info.plist */,
			);
			name = "Supporting Files";
			sourceTree = "<group>";
		};
/* End PBXGroup section */

/* Begin PBXNativeTarget section */
		441488821A8DED54002A7BF0 /* PongTest */ = {
			isa = PBXNativeTarget;
			buildConfigurationList = 441488A61A8DED54002A7BF0 /* Build configuration list for PBXNativeTarget "PongTest" */;
			buildPhases = (
				4414887F1A8DED54002A7BF0 /* Sources */,
				441488801A8DED54002A7BF0 /* Frameworks */,
				441488811A8DED54002A7BF0 /* Resources */,
			);
			buildRules = (
			);
			dependencies = (
			);
			name = PongTest;
			productName = PongTest;
			productReference = 441488831A8DED54002A7BF0 /* PongTest.app */;
			productType = "com.apple.product-type.application";
		};
		4414889B1A8DED54002A7BF0 /* PongTestTests */ = {
			isa = PBXNativeTarget;
			buildConfigurationList = 441488A91A8DED54002A7BF0 /* Build configuration list for PBXNativeTarget "PongTestTests" */;
			buildPhases = (
				441488981A8DED54002A7BF0 /* Sources */,
				441488991A8DED54002A7BF0 /* Frameworks */,
				4414889A1A8DED54002A7BF0 /* Resources */,
			);
			buildRules = (
			);
			dependencies = (
				4414889E1A8DED54002A7BF0 /* PBXTargetDependency */,
			);
			name = PongTestTests;
			productName = PongTestTests;
			productReference = 4414889C1A8DED54002A7BF0 /* PongTestTests.xctest */;
			productType = "com.apple.product-type.bundle.unit-test";
		};
/* End PBXNativeTarget section */

/* Begin PBXProject section */
		4414887B1A8DED54002A7BF0 /* Project object */ = {
			isa = PBXProject;
			attributes = {
				LastUpgradeCheck = 0610;
				ORGANIZATIONNAME = "it-högskolan";
				TargetAttributes = {
					441488821A8DED54002A7BF0 = {
						CreatedOnToolsVersion = 6.1;
					};
					4414889B1A8DED54002A7BF0 = {
						CreatedOnToolsVersion = 6.1;
						TestTargetID = 441488821A8DED54002A7BF0;
					};
				};
			};
			buildConfigurationList = 4414887E1A8DED54002A7BF0 /* Build configuration list for PBXProject "PongTest" */;
			compatibilityVersion = "Xcode 3.2";
			developmentRegion = English;
			hasScannedForEncodings = 0;
			knownRegions = (
				en,
				Base,
			);
			mainGroup = 4414887A1A8DED54002A7BF0;
			productRefGroup = 441488841A8DED54002A7BF0 /* Products */;
			projectDirPath = "";
			projectRoot = "";
			targets = (
				441488821A8DED54002A7BF0 /* PongTest */,
				4414889B1A8DED54002A7BF0 /* PongTestTests */,
			);
		};
/* End PBXProject section */

/* Begin PBXResourcesBuildPhase section */
		441488811A8DED54002A7BF0 /* Resources */ = {
			isa = PBXResourcesBuildPhase;
			buildActionMask = 2147483647;
			files = (
				441488921A8DED54002A7BF0 /* Main.storyboard in Resources */,
				441488971A8DED54002A7BF0 /* LaunchScreen.xib in Resources */,
				441488941A8DED54002A7BF0 /* Images.xcassets in Resources */,
				44149F2C1A8EBC05000B4A4D /* bounce.mp3 in Resources */,
			);
			runOnlyForDeploymentPostprocessing = 0;
		};
		4414889A1A8DED54002A7BF0 /* Resources */ = {
			isa = PBXResourcesBuildPhase;
			buildActionMask = 2147483647;
			files = (
			);
			runOnlyForDeploymentPostprocessing = 0;
		};
/* End PBXResourcesBuildPhase section */

/* Begin PBXSourcesBuildPhase section */
		4414887F1A8DED54002A7BF0 /* Sources */ = {
			isa = PBXSourcesBuildPhase;
			buildActionMask = 2147483647;
			files = (
				4414888F1A8DED54002A7BF0 /* ViewController.m in Sources */,
				4414888C1A8DED54002A7BF0 /* AppDelegate.m in Sources */,
				441488891A8DED54002A7BF0 /* main.m in Sources */,
				441488AE1A8E034F002A7BF0 /* Game.m in Sources */,
			);
			runOnlyForDeploymentPostprocessing = 0;
		};
		441488981A8DED54002A7BF0 /* Sources */ = {
			isa = PBXSourcesBuildPhase;
			buildActionMask = 2147483647;
			files = (
				441488A31A8DED54002A7BF0 /* PongTestTests.m in Sources */,
			);
			runOnlyForDeploymentPostprocessing = 0;
		};
/* End PBXSourcesBuildPhase section */

/* Begin PBXTargetDependency section */
		4414889E1A8DED54002A7BF0 /* PBXTargetDependency */ = {
			isa = PBXTargetDependency;
			target = 441488821A8DED54002A7BF0 /* PongTest */;
			targetProxy = 4414889D1A8DED54002A7BF0 /* PBXContainerItemProxy */;
		};
/* End PBXTargetDependency section */

/* Begin PBXVariantGroup section */
		441488901A8DED54002A7BF0 /* Main.storyboard */ = {
			isa = PBXVariantGroup;
			children = (
				441488911A8DED54002A7BF0 /* Base */,
			);
			name = Main.storyboard;
			sourceTree = "<group>";
		};
		441488951A8DED54002A7BF0 /* LaunchScreen.xib */ = {
			isa = PBXVariantGroup;
			children = (
				441488961A8DED54002A7BF0 /* Base */,
			);
			name = LaunchScreen.xib;
			sourceTree = "<group>";
		};
/* End PBXVariantGroup section */

/* Begin XCBuildConfiguration section */
		441488A41A8DED54002A7BF0 /* Debug */ = {
			isa = XCBuildConfiguration;
			buildSettings = {
				ALWAYS_SEARCH_USER_PATHS = NO;
				CLANG_CXX_LANGUAGE_STANDARD = "gnu++0x";
				CLANG_CXX_LIBRARY = "libc++";
				CLANG_ENABLE_MODULES = YES;
				CLANG_ENABLE_OBJC_ARC = YES;
				CLANG_WARN_BOOL_CONVERSION = YES;
				CLANG_WARN_CONSTANT_CONVERSION = YES;
				CLANG_WARN_DIRECT_OBJC_ISA_USAGE = YES_ERROR;
				CLANG_WARN_EMPTY_BODY = YES;
				CLANG_WARN_ENUM_CONVERSION = YES;
				CLANG_WARN_INT_CONVERSION = YES;
				CLANG_WARN_OBJC_ROOT_CLASS = YES_ERROR;
				CLANG_WARN_UNREACHABLE_CODE = YES;
				CLANG_WARN__DUPLICATE_METHOD_MATCH = YES;
				"CODE_SIGN_IDENTITY[sdk=iphoneos*]" = "iPhone Developer";
				COPY_PHASE_STRIP = NO;
				ENABLE_STRICT_OBJC_MSGSEND = YES;
				GCC_C_LANGUAGE_STANDARD = gnu99;
				GCC_DYNAMIC_NO_PIC = NO;
				GCC_OPTIMIZATION_LEVEL = 0;
				GCC_PREPROCESSOR_DEFINITIONS = (
					"DEBUG=1",
					"$(inherited)",
				);
				GCC_SYMBOLS_PRIVATE_EXTERN = NO;
				GCC_WARN_64_TO_32_BIT_CONVERSION = YES;
				GCC_WARN_ABOUT_RETURN_TYPE = YES_ERROR;
				GCC_WARN_UNDECLARED_SELECTOR = YES;
				GCC_WARN_UNINITIALIZED_AUTOS = YES_AGGRESSIVE;
				GCC_WARN_UNUSED_FUNCTION = YES;
				GCC_WARN_UNUSED_VARIABLE = YES;
				IPHONEOS_DEPLOYMENT_TARGET = 8.1;
				MTL_ENABLE_DEBUG_INFO = YES;
				ONLY_ACTIVE_ARCH = YES;
				SDKROOT = iphoneos;
			};
			name = Debug;
		};
		441488A51A8DED54002A7BF0 /* Release */ = {
			isa = XCBuildConfiguration;
			buildSettings = {
				ALWAYS_SEARCH_USER_PATHS = NO;
				CLANG_CXX_LANGUAGE_STANDARD = "gnu++0x";
				CLANG_CXX_LIBRARY = "libc++";
				CLANG_ENABLE_MODULES = YES;
				CLANG_ENABLE_OBJC_ARC = YES;
				CLANG_WARN_BOOL_CONVERSION = YES;
				CLANG_WARN_CONSTANT_CONVERSION = YES;
				CLANG_WARN_DIRECT_OBJC_ISA_USAGE = YES_ERROR;
				CLANG_WARN_EMPTY_BODY = YES;
				CLANG_WARN_ENUM_CONVERSION = YES;
				CLANG_WARN_INT_CONVERSION = YES;
				CLANG_WARN_OBJC_ROOT_CLASS = YES_ERROR;
				CLANG_WARN_UNREACHABLE_CODE = YES;
				CLANG_WARN__DUPLICATE_METHOD_MATCH = YES;
				"CODE_SIGN_IDENTITY[sdk=iphoneos*]" = "iPhone Developer";
				COPY_PHASE_STRIP = YES;
				ENABLE_NS_ASSERTIONS = NO;
				ENABLE_STRICT_OBJC_MSGSEND = YES;
				GCC_C_LANGUAGE_STANDARD = gnu99;
				GCC_WARN_64_TO_32_BIT_CONVERSION = YES;
				GCC_WARN_ABOUT_RETURN_TYPE = YES_ERROR;
				GCC_WARN_UNDECLARED_SELECTOR = YES;
				GCC_WARN_UNINITIALIZED_AUTOS = YES_AGGRESSIVE;
				GCC_WARN_UNUSED_FUNCTION = YES;
				GCC_WARN_UNUSED_VARIABLE = YES;
				IPHONEOS_DEPLOYMENT_TARGET = 8.1;
				MTL_ENABLE_DEBUG_INFO = NO;
				SDKROOT = iphoneos;
				VALIDATE_PRODUCT = YES;
			};
			name = Release;
		};
		441488A71A8DED54002A7BF0 /* Debug */ = {
			isa = XCBuildConfiguration;
			buildSettings = {
				ASSETCATALOG_COMPILER_APPICON_NAME = AppIcon;
				INFOPLIST_FILE = PongTest/Info.plist;
				LD_RUNPATH_SEARCH_PATHS = "$(inherited) @executable_path/Frameworks";
				PRODUCT_NAME = "$(TARGET_NAME)";
			};
			name = Debug;
		};
		441488A81A8DED54002A7BF0 /* Release */ = {
			isa = XCBuildConfiguration;
			buildSettings = {
				ASSETCATALOG_COMPILER_APPICON_NAME = AppIcon;
				INFOPLIST_FILE = PongTest/Info.plist;
				LD_RUNPATH_SEARCH_PATHS = "$(inherited) @executable_path/Frameworks";
				PRODUCT_NAME = "$(TARGET_NAME)";
			};
			name = Release;
		};
		441488AA1A8DED54002A7BF0 /* Debug */ = {
			isa = XCBuildConfiguration;
			buildSettings = {
				BUNDLE_LOADER = "$(TEST_HOST)";
				FRAMEWORK_SEARCH_PATHS = (
					"$(SDKROOT)/Developer/Library/Frameworks",
					"$(inherited)",
				);
				GCC_PREPROCESSOR_DEFINITIONS = (
					"DEBUG=1",
					"$(inherited)",
				);
				INFOPLIST_FILE = PongTestTests/Info.plist;
				LD_RUNPATH_SEARCH_PATHS = "$(inherited) @executable_path/Frameworks @loader_path/Frameworks";
				PRODUCT_NAME = "$(TARGET_NAME)";
				TEST_HOST = "$(BUILT_PRODUCTS_DIR)/PongTest.app/PongTest";
			};
			name = Debug;
		};
		441488AB1A8DED54002A7BF0 /* Release */ = {
			isa = XCBuildConfiguration;
			buildSettings = {
				BUNDLE_LOADER = "$(TEST_HOST)";
				FRAMEWORK_SEARCH_PATHS = (
					"$(SDKROOT)/Developer/Library/Frameworks",
					"$(inherited)",
				);
				INFOPLIST_FILE = PongTestTests/Info.plist;
				LD_RUNPATH_SEARCH_PATHS = "$(inherited) @executable_path/Frameworks @loader_path/Frameworks";
				PRODUCT_NAME = "$(TARGET_NAME)";
				TEST_HOST = "$(BUILT_PRODUCTS_DIR)/PongTest.app/PongTest";
			};
			name = Release;
		};
/* End XCBuildConfiguration section */

/* Begin XCConfigurationList section */
		4414887E1A8DED54002A7BF0 /* Build configuration list for PBXProject "PongTest" */ = {
			isa = XCConfigurationList;
			buildConfigurations = (
				441488A41A8DED54002A7BF0 /* Debug */,
				441488A51A8DED54002A7BF0 /* Release */,
			);
			defaultConfigurationIsVisible = 0;
			defaultConfigurationName = Release;
		};
		441488A61A8DED54002A7BF0 /* Build configuration list for PBXNativeTarget "PongTest" */ = {
			isa = XCConfigurationList;
			buildConfigurations = (
				441488A71A8DED54002A7BF0 /* Debug */,
				441488A81A8DED54002A7BF0 /* Release */,
			);
			defaultConfigurationIsVisible = 0;
			defaultConfigurationName = Release;
		};
		441488A91A8DED54002A7BF0 /* Build configuration list for PBXNativeTarget "PongTestTests" */ = {
			isa = XCConfigurationList;
			buildConfigurations = (
				441488AA1A8DED54002A7BF0 /* Debug */,
				441488AB1A8DED54002A7BF0 /* Release */,
			);
			defaultConfigurationIsVisible = 0;
			defaultConfigurationName = Release;
		};
/* End XCConfigurationList section */
	};
	rootObject = 4414887B1A8DED54002A7BF0 /* Project object */;
}
